
Microsoft Visual Studio Solution File, Format Version 12.00
Project("{FAE04EC0-301F-11D3-BF4B-00C04F79EFBC}") = "AirCallServer", "AirCallServer\AirCallServer.csproj", "{67C57247-25F0-492A-8FC9-BE11D32740BA}"
EndProject
Global
	GlobalSection(SolutionConfigurationPlatforms) = preSolution
		Debug|Any CPU = Debug|Any CPU
		Release|Any CPU = Release|Any CPU
	EndGlobalSection
	GlobalSection(ProjectConfigurationPlatforms) = postSolution
		{67C57247-25F0-492A-8FC9-BE11D32740BA}.Debug|Any CPU.ActiveCfg = Debug|Any CPU
		{67C57247-25F0-492A-8FC9-BE11D32740BA}.Debug|Any CPU.Build.0 = Debug|Any CPU
		{67C57247-25F0-492A-8FC9-BE11D32740BA}.Release|Any CPU.ActiveCfg = Release|Any CPU
		{67C57247-25F0-492A-8FC9-BE11D32740BA}.Release|Any CPU.Build.0 = Release|Any CPU
	EndGlobalSection
EndGlobal
